
Microsoft Visual Studio Solution File, Format Version 12.00
# Visual Studio Version 16
VisualStudioVersion = 16.0.32428.217
MinimumVisualStudioVersion = 10.0.40219.1
Project("{FAE04EC0-301F-11D3-BF4B-00C04F79EFBC}") = "WebNails.Payment", "WebNails.Payment.csproj", "{F94B575D-A0EC-42CD-A088-5777E094A632}"
EndProject
Global
	GlobalSection(SolutionConfigurationPlatforms) = preSolution
		Debug|Any CPU = Debug|Any CPU
		Release|Any CPU = Release|Any CPU
	EndGlobalSection
	GlobalSection(ProjectConfigurationPlatforms) = postSolution
		{F94B575D-A0EC-42CD-A088-5777E094A632}.Debug|Any CPU.ActiveCfg = Debug|Any CPU
		{F94B575D-A0EC-42CD-A088-5777E094A632}.Debug|Any CPU.Build.0 = Debug|Any CPU
		{F94B575D-A0EC-42CD-A088-5777E094A632}.Release|Any CPU.ActiveCfg = Release|Any CPU
		{F94B575D-A0EC-42CD-A088-5777E094A632}.Release|Any CPU.Build.0 = Release|Any CPU
	EndGlobalSection
	GlobalSection(SolutionProperties) = preSolution
		HideSolutionNode = FALSE
	EndGlobalSection
	GlobalSection(ExtensibilityGlobals) = postSolution
		SolutionGuid = {E14AE230-B779-4C56-B0FD-7B75FEEFEB84}
	EndGlobalSection
EndGlobal
